hash: 5f519e03eee067695ab1b5b6cc60974f8315d206777d373d3d43a819a367ec03
updated: 2017-08-31T15:23:53.299233015+02:00
imports:
- name: github.com/certifi/gocertifi
  version: 3fd9e1adb12b72d2f3f82191d49be9b93c69f67c
- name: github.com/evalphobia/logrus_sentry
  version: 13ba9278e2adf1537fd94143a6b6a1c0dc008ac7
- name: github.com/getsentry/raven-go
  version: d175f85701dfbf44cb0510114c9943e665e60907
- name: github.com/heroku/rollrus
  version: 8c4f823801514d40d7c7d6cfa13320af0a091611
- name: github.com/pkg/errors
  version: c605e284fe17294bda444b34710735b29d1a9d90
- name: github.com/sirupsen/logrus
  version: f006c2ac4710855cf0f916dd6b77acf6b048dc6e
- name: github.com/stvp/roll
  version: 3627a5cbeaeaa68023abd02bb8687925265f2f63
- name: golang.org/x/crypto
  version: 81e90905daefcd6fd217b62423c0908922eadb30
  subpackages:
  - ssh/terminal
- name: golang.org/x/sys
  version: bb24a47a89eac6c1227fbcb2ae37a8b9ed323366
  subpackages:
  - unix
  - windows
testImports: []
